
Microsoft Visual Studio Solution File, Format Version 12.00
# Visual Studio Version 16
VisualStudioVersion = 16.0.30330.147
MinimumVisualStudioVersion = 10.0.40219.1
Project("{FAE04EC0-301F-11D3-BF4B-00C04F79EFBC}") = "HelloWorld.ConsoleApp", "ConsoleAppHelloWorld\HelloWorld.ConsoleApp.csproj", "{06D54BD0-C6B0-4EF6-9B62-6A4BD923DC1F}"
EndProject
Project("{FAE04EC0-301F-11D3-BF4B-00C04F79EFBC}") = "HelloWorld.Api", "HelloWorld.Api\HelloWorld.Api.csproj", "{9555D740-1791-405F-A9F2-4909FBCDCF00}"
EndProject
Project("{FAE04EC0-301F-11D3-BF4B-00C04F79EFBC}") = "HelloWorld.Core", "HelloWorld.Core\HelloWorld.Core.csproj", "{2C1C48CC-4C61-4538-9485-EF0843AB9A85}"
EndProject
Project("{FAE04EC0-301F-11D3-BF4B-00C04F79EFBC}") = "HelloWorld.ApiTests", "HelloWorld.ApiTests\HelloWorld.ApiTests.csproj", "{C22A5EB8-60FE-4552-BA3F-62C784D67DF8}"
EndProject
Global
	GlobalSection(SolutionConfigurationPlatforms) = preSolution
		Debug|Any CPU = Debug|Any CPU
		Release|Any CPU = Release|Any CPU
	EndGlobalSection
	GlobalSection(ProjectConfigurationPlatforms) = postSolution
		{06D54BD0-C6B0-4EF6-9B62-6A4BD923DC1F}.Debug|Any CPU.ActiveCfg = Debug|Any CPU
		{06D54BD0-C6B0-4EF6-9B62-6A4BD923DC1F}.Debug|Any CPU.Build.0 = Debug|Any CPU
		{06D54BD0-C6B0-4EF6-9B62-6A4BD923DC1F}.Release|Any CPU.ActiveCfg = Release|Any CPU
		{06D54BD0-C6B0-4EF6-9B62-6A4BD923DC1F}.Release|Any CPU.Build.0 = Release|Any CPU
		{9555D740-1791-405F-A9F2-4909FBCDCF00}.Debug|Any CPU.ActiveCfg = Debug|Any CPU
		{9555D740-1791-405F-A9F2-4909FBCDCF00}.Debug|Any CPU.Build.0 = Debug|Any CPU
		{9555D740-1791-405F-A9F2-4909FBCDCF00}.Release|Any CPU.ActiveCfg = Release|Any CPU
		{9555D740-1791-405F-A9F2-4909FBCDCF00}.Release|Any CPU.Build.0 = Release|Any CPU
		{2C1C48CC-4C61-4538-9485-EF0843AB9A85}.Debug|Any CPU.ActiveCfg = Debug|Any CPU
		{2C1C48CC-4C61-4538-9485-EF0843AB9A85}.Debug|Any CPU.Build.0 = Debug|Any CPU
		{2C1C48CC-4C61-4538-9485-EF0843AB9A85}.Release|Any CPU.ActiveCfg = Release|Any CPU
		{2C1C48CC-4C61-4538-9485-EF0843AB9A85}.Release|Any CPU.Build.0 = Release|Any CPU
		{C22A5EB8-60FE-4552-BA3F-62C784D67DF8}.Debug|Any CPU.ActiveCfg = Debug|Any CPU
		{C22A5EB8-60FE-4552-BA3F-62C784D67DF8}.Debug|Any CPU.Build.0 = Debug|Any CPU
		{C22A5EB8-60FE-4552-BA3F-62C784D67DF8}.Release|Any CPU.ActiveCfg = Release|Any CPU
		{C22A5EB8-60FE-4552-BA3F-62C784D67DF8}.Release|Any CPU.Build.0 = Release|Any CPU
	EndGlobalSection
	GlobalSection(SolutionProperties) = preSolution
		HideSolutionNode = FALSE
	EndGlobalSection
	GlobalSection(ExtensibilityGlobals) = postSolution
		SolutionGuid = {FE6C6FD1-ECC6-45C1-8C8D-A8B6CCAC73FC}
	EndGlobalSection
EndGlobal
